// !$*UTF8*$!
{
	archiveVersion = 1;
	classes = {
	};
	objectVersion = 56;
	objects = {

/* Begin PBXBuildFile section */
		B32BC5B12B09CD7700CA2BB8 /* AppDelegate.swift in Sources */ = {isa = PBXBuildFile; fileRef = B32BC5B02B09CD7700CA2BB8 /* AppDelegate.swift */; };
		B32BC5B32B09CD7700CA2BB8 /* SceneDelegate.swift in Sources */ = {isa = PBXBuildFile; fileRef = B32BC5B22B09CD7700CA2BB8 /* SceneDelegate.swift */; };
		B32BC5B52B09CD7700CA2BB8 /* ViewController.swift in Sources */ = {isa = PBXBuildFile; fileRef = B32BC5B42B09CD7700CA2BB8 /* ViewController.swift */; };
		B32BC5B82B09CD7700CA2BB8 /* Main.storyboard in Resources */ = {isa = PBXBuildFile; fileRef = B32BC5B62B09CD7700CA2BB8 /* Main.storyboard */; };
		B32BC5BA2B09CD7800CA2BB8 /* Assets.xcassets in Resources */ = {isa = PBXBuildFile; fileRef = B32BC5B92B09CD7800CA2BB8 /* Assets.xcassets */; };
		B32BC5BD2B09CD7800CA2BB8 /* LaunchScreen.storyboard in Resources */ = {isa = PBXBuildFile; fileRef = B32BC5BB2B09CD7800CA2BB8 /* LaunchScreen.storyboard */; };
/* End PBXBuildFile section */

/* Begin PBXFileReference section */
		B32BC5AD2B09CD7700CA2BB8 /* 20231119_MoneyNote.app */ = {isa = PBXFileReference; explicitFileType = wrapper.application; includeInIndex = 0; path = 20231119_MoneyNote.app; sourceTree = BUILT_PRODUCTS_DIR; };
		B32BC5B02B09CD7700CA2BB8 /* AppDelegate.swift */ = {isa = PBXFileReference; lastKnownFileType = sourcecode.swift; path = AppDelegate.swift; sourceTree = "<group>"; };
		B32BC5B22B09CD7700CA2BB8 /* SceneDelegate.swift */ = {isa = PBXFileReference; lastKnownFileType = sourcecode.swift; path = SceneDelegate.swift; sourceTree = "<group>"; };
		B32BC5B42B09CD7700CA2BB8 /* ViewController.swift */ = {isa = PBXFileReference; lastKnownFileType = sourcecode.swift; path = ViewController.swift; sourceTree = "<group>"; };
		B32BC5B72B09CD7700CA2BB8 /* Base */ = {isa = PBXFileReference; lastKnownFileType = file.storyboard; name = Base; path = Base.lproj/Main.storyboard; sourceTree = "<group>"; };
		B32BC5B92B09CD7800CA2BB8 /* Assets.xcassets */ = {isa = PBXFileReference; lastKnownFileType = folder.assetcatalog; path = Assets.xcassets; sourceTree = "<group>"; };
		B32BC5BC2B09CD7800CA2BB8 /* Base */ = {isa = PBXFileReference; lastKnownFileType = file.storyboard; name = Base; path = Base.lproj/LaunchScreen.storyboard; sourceTree = "<group>"; };
		B32BC5BE2B09CD7800CA2BB8 /* Info.plist */ = {isa = PBXFileReference; lastKnownFileType = text.plist.xml; path = Info.plist; sourceTree = "<group>"; };
/* End PBXFileReference section */

/* Begin PBXFrameworksBuildPhase section */
		B32BC5AA2B09CD7700CA2BB8 /* Frameworks */ = {
			isa = PBXFrameworksBuildPhase;
			buildActionMask = 2147483647;
			files = (
			);
			runOnlyForDeploymentPostprocessing = 0;
		};
/* End PBXFrameworksBuildPhase section */

/* Begin PBXGroup section */
		B32BC5A42B09CD7700CA2BB8 = {
			isa = PBXGroup;
			children = (
				B32BC5AF2B09CD7700CA2BB8 /* 20231119_MoneyNote */,
				B32BC5AE2B09CD7700CA2BB8 /* Products */,
			);
			sourceTree = "<group>";
		};
		B32BC5AE2B09CD7700CA2BB8 /* Products */ = {
			isa = PBXGroup;
			children = (
				B32BC5AD2B09CD7700CA2BB8 /* 20231119_MoneyNote.app */,
			);
			name = Products;
			sourceTree = "<group>";
		};
		B32BC5AF2B09CD7700CA2BB8 /* 20231119_MoneyNote */ = {
			isa = PBXGroup;
			children = (
				B32BC5B02B09CD7700CA2BB8 /* AppDelegate.swift */,
				B32BC5B22B09CD7700CA2BB8 /* SceneDelegate.swift */,
				B32BC5B42B09CD7700CA2BB8 /* ViewController.swift */,
				B32BC5B62B09CD7700CA2BB8 /* Main.storyboard */,
				B32BC5B92B09CD7800CA2BB8 /* Assets.xcassets */,
				B32BC5BB2B09CD7800CA2BB8 /* LaunchScreen.storyboard */,
				B32BC5BE2B09CD7800CA2BB8 /* Info.plist */,
			);
			path = 20231119_MoneyNote;
			sourceTree = "<group>";
		};
/* End PBXGroup section */

/* Begin PBXNativeTarget section */
		B32BC5AC2B09CD7700CA2BB8 /* 20231119_MoneyNote */ = {
			isa = PBXNativeTarget;
			buildConfigurationList = B32BC5C12B09CD7800CA2BB8 /* Build configuration list for PBXNativeTarget "20231119_MoneyNote" */;
			buildPhases = (
				B32BC5A92B09CD7700CA2BB8 /* Sources */,
				B32BC5AA2B09CD7700CA2BB8 /* Frameworks */,
				B32BC5AB2B09CD7700CA2BB8 /* Resources */,
			);
			buildRules = (
			);
			dependencies = (
			);
			name = 20231119_MoneyNote;
			productName = 20231119_MoneyNote;
			productReference = B32BC5AD2B09CD7700CA2BB8 /* 20231119_MoneyNote.app */;
			productType = "com.apple.product-type.application";
		};
/* End PBXNativeTarget section */

/* Begin PBXProject section */
		B32BC5A52B09CD7700CA2BB8 /* Project object */ = {
			isa = PBXProject;
			attributes = {
				BuildIndependentTargetsInParallel = 1;
				LastSwiftUpdateCheck = 1430;
				LastUpgradeCheck = 1430;
				TargetAttributes = {
					B32BC5AC2B09CD7700CA2BB8 = {
						CreatedOnToolsVersion = 14.3.1;
					};
				};
			};
			buildConfigurationList = B32BC5A82B09CD7700CA2BB8 /* Build configuration list for PBXProject "20231119_MoneyNote" */;
			compatibilityVersion = "Xcode 14.0";
			developmentRegion = en;
			hasScannedForEncodings = 0;
			knownRegions = (
				en,
				Base,
			);
			mainGroup = B32BC5A42B09CD7700CA2BB8;
			productRefGroup = B32BC5AE2B09CD7700CA2BB8 /* Products */;
			projectDirPath = "";
			projectRoot = "";
			targets = (
				B32BC5AC2B09CD7700CA2BB8 /* 20231119_MoneyNote */,
			);
		};
/* End PBXProject section */

/* Begin PBXResourcesBuildPhase section */
		B32BC5AB2B09CD7700CA2BB8 /* Resources */ = {
			isa = PBXResourcesBuildPhase;
			buildActionMask = 2147483647;
			files = (
				B32BC5BD2B09CD7800CA2BB8 /* LaunchScreen.storyboard in Resources */,
				B32BC5BA2B09CD7800CA2BB8 /* Assets.xcassets in Resources */,
				B32BC5B82B09CD7700CA2BB8 /* Main.storyboard in Resources */,
			);
			runOnlyForDeploymentPostprocessing = 0;
		};
/* End PBXResourcesBuildPhase section */

/* Begin PBXSourcesBuildPhase section */
		B32BC5A92B09CD7700CA2BB8 /* Sources */ = {
			isa = PBXSourcesBuildPhase;
			buildActionMask = 2147483647;
			files = (
				B32BC5B52B09CD7700CA2BB8 /* ViewController.swift in Sources */,
				B32BC5B12B09CD7700CA2BB8 /* AppDelegate.swift in Sources */,
				B32BC5B32B09CD7700CA2BB8 /* SceneDelegate.swift in Sources */,
			);
			runOnlyForDeploymentPostprocessing = 0;
		};
/* End PBXSourcesBuildPhase section */

/* Begin PBXVariantGroup section */
		B32BC5B62B09CD7700CA2BB8 /* Main.storyboard */ = {
			isa = PBXVariantGroup;
			children = (
				B32BC5B72B09CD7700CA2BB8 /* Base */,
			);
			name = Main.storyboard;
			sourceTree = "<group>";
		};
		B32BC5BB2B09CD7800CA2BB8 /* LaunchScreen.storyboard */ = {
			isa = PBXVariantGroup;
			children = (
				B32BC5BC2B09CD7800CA2BB8 /* Base */,
			);
			name = LaunchScreen.storyboard;
			sourceTree = "<group>";
		};
/* End PBXVariantGroup section */

/* Begin XCBuildConfiguration section */
		B32BC5BF2B09CD7800CA2BB8 /* Debug */ = {
			isa = XCBuildConfiguration;
			buildSettings = {
				ALWAYS_SEARCH_USER_PATHS = NO;
				CLANG_ANALYZER_NONNULL = YES;
				CLANG_ANALYZER_NUMBER_OBJECT_CONVERSION = YES_AGGRESSIVE;
				CLANG_CXX_LANGUAGE_STANDARD = "gnu++20";
				CLANG_ENABLE_MODULES = YES;
				CLANG_ENABLE_OBJC_ARC = YES;
				CLANG_ENABLE_OBJC_WEAK = YES;
				CLANG_WARN_BLOCK_CAPTURE_AUTORELEASING = YES;
				CLANG_WARN_BOOL_CONVERSION = YES;
				CLANG_WARN_COMMA = YES;
				CLANG_WARN_CONSTANT_CONVERSION = YES;
				CLANG_WARN_DEPRECATED_OBJC_IMPLEMENTATIONS = YES;
				CLANG_WARN_DIRECT_OBJC_ISA_USAGE = YES_ERROR;
				CLANG_WARN_DOCUMENTATION_COMMENTS = YES;
				CLANG_WARN_EMPTY_BODY = YES;
				CLANG_WARN_ENUM_CONVERSION = YES;
				CLANG_WARN_INFINITE_RECURSION = YES;
				CLANG_WARN_INT_CONVERSION = YES;
				CLANG_WARN_NON_LITERAL_NULL_CONVERSION = YES;
				CLANG_WARN_OBJC_IMPLICIT_RETAIN_SELF = YES;
				CLANG_WARN_OBJC_LITERAL_CONVERSION = YES;
				CLANG_WARN_OBJC_ROOT_CLASS = YES_ERROR;
				CLANG_WARN_QUOTED_INCLUDE_IN_FRAMEWORK_HEADER = YES;
				CLANG_WARN_RANGE_LOOP_ANALYSIS = YES;
				CLANG_WARN_STRICT_PROTOTYPES = YES;
				CLANG_WARN_SUSPICIOUS_MOVE = YES;
				CLANG_WARN_UNGUARDED_AVAILABILITY = YES_AGGRESSIVE;
				CLANG_WARN_UNREACHABLE_CODE = YES;
				CLANG_WARN__DUPLICATE_METHOD_MATCH = YES;
				COPY_PHASE_STRIP = NO;
				DEBUG_INFORMATION_FORMAT = dwarf;
				ENABLE_STRICT_OBJC_MSGSEND = YES;
				ENABLE_TESTABILITY = YES;
				GCC_C_LANGUAGE_STANDARD = gnu11;
				GCC_DYNAMIC_NO_PIC = NO;
				GCC_NO_COMMON_BLOCKS = YES;
				GCC_OPTIMIZATION_LEVEL = 0;
				GCC_PREPROCESSOR_DEFINITIONS = (
					"DEBUG=1",
					"$(inherited)",
				);
				GCC_WARN_64_TO_32_BIT_CONVERSION = YES;
				GCC_WARN_ABOUT_RETURN_TYPE = YES_ERROR;
				GCC_WARN_UNDECLARED_SELECTOR = YES;
				GCC_WARN_UNINITIALIZED_AUTOS = YES_AGGRESSIVE;
				GCC_WARN_UNUSED_FUNCTION = YES;
				GCC_WARN_UNUSED_VARIABLE = YES;
				IPHONEOS_DEPLOYMENT_TARGET = 16.4;
				MTL_ENABLE_DEBUG_INFO = INCLUDE_SOURCE;
				MTL_FAST_MATH = YES;
				ONLY_ACTIVE_ARCH = YES;
				SDKROOT = iphoneos;
				SWIFT_ACTIVE_COMPILATION_CONDITIONS = DEBUG;
				SWIFT_OPTIMIZATION_LEVEL = "-Onone";
			};
			name = Debug;
		};
		B32BC5C02B09CD7800CA2BB8 /* Release */ = {
			isa = XCBuildConfiguration;
			buildSettings = {
				ALWAYS_SEARCH_USER_PATHS = NO;
				CLANG_ANALYZER_NONNULL = YES;
				CLANG_ANALYZER_NUMBER_OBJECT_CONVERSION = YES_AGGRESSIVE;
				CLANG_CXX_LANGUAGE_STANDARD = "gnu++20";
				CLANG_ENABLE_MODULES = YES;
				CLANG_ENABLE_OBJC_ARC = YES;
				CLANG_ENABLE_OBJC_WEAK = YES;
				CLANG_WARN_BLOCK_CAPTURE_AUTORELEASING = YES;
				CLANG_WARN_BOOL_CONVERSION = YES;
				CLANG_WARN_COMMA = YES;
				CLANG_WARN_CONSTANT_CONVERSION = YES;
				CLANG_WARN_DEPRECATED_OBJC_IMPLEMENTATIONS = YES;
				CLANG_WARN_DIRECT_OBJC_ISA_USAGE = YES_ERROR;
				CLANG_WARN_DOCUMENTATION_COMMENTS = YES;
				CLANG_WARN_EMPTY_BODY = YES;
				CLANG_WARN_ENUM_CONVERSION = YES;
				CLANG_WARN_INFINITE_RECURSION = YES;
				CLANG_WARN_INT_CONVERSION = YES;
				CLANG_WARN_NON_LITERAL_NULL_CONVERSION = YES;
				CLANG_WARN_OBJC_IMPLICIT_RETAIN_SELF = YES;
				CLANG_WARN_OBJC_LITERAL_CONVERSION = YES;
				CLANG_WARN_OBJC_ROOT_CLASS = YES_ERROR;
				CLANG_WARN_QUOTED_INCLUDE_IN_FRAMEWORK_HEADER = YES;
				CLANG_WARN_RANGE_LOOP_ANALYSIS = YES;
				CLANG_WARN_STRICT_PROTOTYPES = YES;
				CLANG_WARN_SUSPICIOUS_MOVE = YES;
				CLANG_WARN_UNGUARDED_AVAILABILITY = YES_AGGRESSIVE;
				CLANG_WARN_UNREACHABLE_CODE = YES;
				CLANG_WARN__DUPLICATE_METHOD_MATCH = YES;
				COPY_PHASE_STRIP = NO;
				DEBUG_INFORMATION_FORMAT = "dwarf-with-dsym";
				ENABLE_NS_ASSERTIONS = NO;
				ENABLE_STRICT_OBJC_MSGSEND = YES;
				GCC_C_LANGUAGE_STANDARD = gnu11;
				GCC_NO_COMMON_BLOCKS = YES;
				GCC_WARN_64_TO_32_BIT_CONVERSION = YES;
				GCC_WARN_ABOUT_RETURN_TYPE = YES_ERROR;
				GCC_WARN_UNDECLARED_SELECTOR = YES;
				GCC_WARN_UNINITIALIZED_AUTOS = YES_AGGRESSIVE;
				GCC_WARN_UNUSED_FUNCTION = YES;
				GCC_WARN_UNUSED_VARIABLE = YES;
				IPHONEOS_DEPLOYMENT_TARGET = 16.4;
				MTL_ENABLE_DEBUG_INFO = NO;
				MTL_FAST_MATH = YES;
				SDKROOT = iphoneos;
				SWIFT_COMPILATION_MODE = wholemodule;
				SWIFT_OPTIMIZATION_LEVEL = "-O";
				VALIDATE_PRODUCT = YES;
			};
			name = Release;
		};
		B32BC5C22B09CD7800CA2BB8 /* Debug */ = {
			isa = XCBuildConfiguration;
			buildSettings = {
				ASSETCATALOG_COMPILER_APPICON_NAME = AppIcon;
				ASSETCATALOG_COMPILER_GLOBAL_ACCENT_COLOR_NAME = AccentColor;
				CODE_SIGN_STYLE = Automatic;
				CURRENT_PROJECT_VERSION = 1;
				DEVELOPMENT_TEAM = JR65886DH4;
				GENERATE_INFOPLIST_FILE = YES;
				INFOPLIST_FILE = 20231119_MoneyNote/Info.plist;
				INFOPLIST_KEY_UIApplicationSupportsIndirectInputEvents = YES;
				INFOPLIST_KEY_UILaunchStoryboardName = LaunchScreen;
				INFOPLIST_KEY_UIMainStoryboardFile = Main;
				INFOPLIST_KEY_UISupportedInterfaceOrientations_iPad = "UIInterfaceOrientationPortrait UIInterfaceOrientationPortraitUpsideDown UIInterfaceOrientationLandscapeLeft UIInterfaceOrientationLandscapeRight";
				INFOPLIST_KEY_UISupportedInterfaceOrientations_iPhone = "UIInterfaceOrientationPortrait UIInterfaceOrientationLandscapeLeft UIInterfaceOrientationLandscapeRight";
				LD_RUNPATH_SEARCH_PATHS = (
					"$(inherited)",
					"@executable_path/Frameworks",
				);
				MARKETING_VERSION = 1.0;
				PRODUCT_BUNDLE_IDENTIFIER = "com.yenlin.-0231119-MoneyNote";
				PRODUCT_NAME = "$(TARGET_NAME)";
				SWIFT_EMIT_LOC_STRINGS = YES;
				SWIFT_VERSION = 5.0;
				TARGETED_DEVICE_FAMILY = "1,2";
			};
			name = Debug;
		};
		B32BC5C32B09CD7800CA2BB8 /* Release */ = {
			isa = XCBuildConfiguration;
			buildSettings = {
				ASSETCATALOG_COMPILER_APPICON_NAME = AppIcon;
				ASSETCATALOG_COMPILER_GLOBAL_ACCENT_COLOR_NAME = AccentColor;
				CODE_SIGN_STYLE = Automatic;
				CURRENT_PROJECT_VERSION = 1;
				DEVELOPMENT_TEAM = JR65886DH4;
				GENERATE_INFOPLIST_FILE = YES;
				INFOPLIST_FILE = 20231119_MoneyNote/Info.plist;
				INFOPLIST_KEY_UIApplicationSupportsIndirectInputEvents = YES;
				INFOPLIST_KEY_UILaunchStoryboardName = LaunchScreen;
				INFOPLIST_KEY_UIMainStoryboardFile = Main;
				INFOPLIST_KEY_UISupportedInterfaceOrientations_iPad = "UIInterfaceOrientationPortrait UIInterfaceOrientationPortraitUpsideDown UIInterfaceOrientationLandscapeLeft UIInterfaceOrientationLandscapeRight";
				INFOPLIST_KEY_UISupportedInterfaceOrientations_iPhone = "UIInterfaceOrientationPortrait UIInterfaceOrientationLandscapeLeft UIInterfaceOrientationLandscapeRight";
				LD_RUNPATH_SEARCH_PATHS = (
					"$(inherited)",
					"@executable_path/Frameworks",
				);
				MARKETING_VERSION = 1.0;
				PRODUCT_BUNDLE_IDENTIFIER = "com.yenlin.-0231119-MoneyNote";
				PRODUCT_NAME = "$(TARGET_NAME)";
				SWIFT_EMIT_LOC_STRINGS = YES;
				SWIFT_VERSION = 5.0;
				TARGETED_DEVICE_FAMILY = "1,2";
			};
			name = Release;
		};
/* End XCBuildConfiguration section */

/* Begin XCConfigurationList section */
		B32BC5A82B09CD7700CA2BB8 /* Build configuration list for PBXProject "20231119_MoneyNote" */ = {
			isa = XCConfigurationList;
			buildConfigurations = (
				B32BC5BF2B09CD7800CA2BB8 /* Debug */,
				B32BC5C02B09CD7800CA2BB8 /* Release */,
			);
			defaultConfigurationIsVisible = 0;
			defaultConfigurationName = Release;
		};
		B32BC5C12B09CD7800CA2BB8 /* Build configuration list for PBXNativeTarget "20231119_MoneyNote" */ = {
			isa = XCConfigurationList;
			buildConfigurations = (
				B32BC5C22B09CD7800CA2BB8 /* Debug */,
				B32BC5C32B09CD7800CA2BB8 /* Release */,
			);
			defaultConfigurationIsVisible = 0;
			defaultConfigurationName = Release;
		};
/* End XCConfigurationList section */
	};
	rootObject = B32BC5A52B09CD7700CA2BB8 /* Project object */;
}
